
Microsoft Visual Studio Solution File, Format Version 12.00
# Visual Studio Version 16
VisualStudioVersion = 16.0.29609.76
MinimumVisualStudioVersion = 10.0.40219.1
Project("{FAE04EC0-301F-11D3-BF4B-00C04F79EFBC}") = "QuestDS2", "QuestDS2\QuestDS2.csproj", "{CFA2897A-ED1F-41CB-BBF8-FC4747C2A649}"
EndProject
Global
	GlobalSection(SolutionConfigurationPlatforms) = preSolution
		Debug|Any CPU = Debug|Any CPU
		Release|Any CPU = Release|Any CPU
	EndGlobalSection
	GlobalSection(ProjectConfigurationPlatforms) = postSolution
		{CFA2897A-ED1F-41CB-BBF8-FC4747C2A649}.Debug|Any CPU.ActiveCfg = Debug|Any CPU
		{CFA2897A-ED1F-41CB-BBF8-FC4747C2A649}.Debug|Any CPU.Build.0 = Debug|Any CPU
		{CFA2897A-ED1F-41CB-BBF8-FC4747C2A649}.Release|Any CPU.ActiveCfg = Release|Any CPU
		{CFA2897A-ED1F-41CB-BBF8-FC4747C2A649}.Release|Any CPU.Build.0 = Release|Any CPU
	EndGlobalSection
	GlobalSection(SolutionProperties) = preSolution
		HideSolutionNode = FALSE
	EndGlobalSection
	GlobalSection(ExtensibilityGlobals) = postSolution
		SolutionGuid = {5B1EB331-4DFC-48A9-B2E8-9E3FEA879298}
	EndGlobalSection
EndGlobal
